id: card_block
type: Box
style:
  paddingTop: 24px
  paddingBottom: 24px
layout:
  # direction: column
  # align: middle
  contentGutter: 16
blocks:

  - id: solution_box
    type: Box
    blocks:
      - _ref: pages/blog/sections/ingrain/solutionsText.yaml
      - _ref: pages/blog/sections/ingrain/infoBox.yaml

      - id: card_box
        type: Box
        layout:
          # justify: space-around
          contentGutter: 16
        blocks:
          - id: card1
            type: Markdown
            layout:
              span: 8
            properties:
              style:
                border-radius: 5px
                boxShadow: 0px 5px 8px -3px rgba(0,0,0,0.25)
                padding: 1em
              content: |
                ***Customer Portal***  
                Allows customers to view support case history and keep track of current cases
          - id: card2
            type: Markdown
            layout:
              span: 8
            properties:
              style:
                border-radius: 5px
                boxShadow: 0px 5px 8px -3px rgba(0,0,0,0.25)
                padding: 1em
              content: |
                ***Role-based Access Control***  
                Custom RBAC manages who needs to action what, at each step of the process
          - id: card3
            type: Markdown
            layout:
              span: 8
            properties:
              style:
                border-radius: 5px
                boxShadow: 0px 5px 8px -3px rgba(0,0,0,0.25)
                padding: 1em
              content: |
                ***Audit Trails***  
                Every action is logged with supporting communication and documentation.


